
Microsoft Visual Studio Solution File, Format Version 12.00
# Visual Studio 15
VisualStudioVersion = 15.0.28307.902
MinimumVisualStudioVersion = 10.0.40219.1
Project("{9A19103F-16F7-4668-BE54-9A1E7A4F7556}") = "MaximumMatching", "MaximumMatching\MaximumMatching.csproj", "{AECCCF27-5FC3-4A1D-B290-26EF78DF2F38}"
EndProject
Project("{FAE04EC0-301F-11D3-BF4B-00C04F79EFBC}") = "MaxMatch", "D:\Рабочий стол\2019-2020\3 алгоритмы и структуры данных\MaxMatch\MaxMatch\MaxMatch.csproj", "{A6DBCF56-0E62-4D57-A23C-E5581ADB5D8B}"
EndProject
Global
	GlobalSection(SolutionConfigurationPlatforms) = preSolution
		Debug|Any CPU = Debug|Any CPU
		Release|Any CPU = Release|Any CPU
	EndGlobalSection
	GlobalSection(ProjectConfigurationPlatforms) = postSolution
		{AECCCF27-5FC3-4A1D-B290-26EF78DF2F38}.Debug|Any CPU.ActiveCfg = Debug|Any CPU
		{AECCCF27-5FC3-4A1D-B290-26EF78DF2F38}.Debug|Any CPU.Build.0 = Debug|Any CPU
		{AECCCF27-5FC3-4A1D-B290-26EF78DF2F38}.Release|Any CPU.ActiveCfg = Release|Any CPU
		{AECCCF27-5FC3-4A1D-B290-26EF78DF2F38}.Release|Any CPU.Build.0 = Release|Any CPU
		{A6DBCF56-0E62-4D57-A23C-E5581ADB5D8B}.Debug|Any CPU.ActiveCfg = Debug|Any CPU
		{A6DBCF56-0E62-4D57-A23C-E5581ADB5D8B}.Debug|Any CPU.Build.0 = Debug|Any CPU
		{A6DBCF56-0E62-4D57-A23C-E5581ADB5D8B}.Release|Any CPU.ActiveCfg = Release|Any CPU
		{A6DBCF56-0E62-4D57-A23C-E5581ADB5D8B}.Release|Any CPU.Build.0 = Release|Any CPU
	EndGlobalSection
	GlobalSection(SolutionProperties) = preSolution
		HideSolutionNode = FALSE
	EndGlobalSection
	GlobalSection(ExtensibilityGlobals) = postSolution
		SolutionGuid = {1A91F39B-2BF5-4E91-8382-467BE55E0402}
	EndGlobalSection
EndGlobal
